
Microsoft Visual Studio Solution File, Format Version 12.00
# Visual Studio Version 16
VisualStudioVersion = 16.0.32413.511
MinimumVisualStudioVersion = 10.0.40219.1
Project("{FAE04EC0-301F-11D3-BF4B-00C04F79EFBC}") = "ProjectAI_Game8Puzzle_BFS", "ProjectAI_Game8Puzzle_BFS\ProjectAI_Game8Puzzle_BFS.csproj", "{3B3A75A0-B27E-48B5-984C-FF3582058E82}"
EndProject
Project("{54435603-DBB4-11D2-8724-00A0C9A8B90C}") = "8Puzzle_version_HCMUTE", "8Puzzle_version_HCMUTE\8Puzzle_version_HCMUTE.vdproj", "{64308185-1EFA-49E9-B9C5-EE5974887FB9}"
EndProject
Global
	GlobalSection(SolutionConfigurationPlatforms) = preSolution
		Debug|Any CPU = Debug|Any CPU
		Release|Any CPU = Release|Any CPU
	EndGlobalSection
	GlobalSection(ProjectConfigurationPlatforms) = postSolution
		{3B3A75A0-B27E-48B5-984C-FF3582058E82}.Debug|Any CPU.ActiveCfg = Debug|Any CPU
		{3B3A75A0-B27E-48B5-984C-FF3582058E82}.Debug|Any CPU.Build.0 = Debug|Any CPU
		{3B3A75A0-B27E-48B5-984C-FF3582058E82}.Release|Any CPU.ActiveCfg = Release|Any CPU
		{3B3A75A0-B27E-48B5-984C-FF3582058E82}.Release|Any CPU.Build.0 = Release|Any CPU
		{64308185-1EFA-49E9-B9C5-EE5974887FB9}.Debug|Any CPU.ActiveCfg = Debug
		{64308185-1EFA-49E9-B9C5-EE5974887FB9}.Release|Any CPU.ActiveCfg = Release
	EndGlobalSection
	GlobalSection(SolutionProperties) = preSolution
		HideSolutionNode = FALSE
	EndGlobalSection
	GlobalSection(ExtensibilityGlobals) = postSolution
		SolutionGuid = {36660B23-08AE-4AFF-ABFB-42CEB75292C0}
	EndGlobalSection
	GlobalSection(SolutionConfigurationPlatforms) = preSolution
		Debug|Any CPU = Debug|Any CPU
		Release|Any CPU = Release|Any CPU
	EndGlobalSection
EndGlobal
